
Microsoft Visual Studio Solution File, Format Version 12.00
# Visual Studio Version 17
VisualStudioVersion = 17.5.002.0
MinimumVisualStudioVersion = 10.0.40219.1
Project("{9A19103F-16F7-4668-BE54-9A1E7A4F7556}") = "api", "api\api.csproj", "{1B945B8E-C8F0-439D-AF3D-E0B47B79BF37}"
EndProject
Global
	GlobalSection(SolutionConfigurationPlatforms) = preSolution
		Debug|Any CPU = Debug|Any CPU
		Release|Any CPU = Release|Any CPU
	EndGlobalSection
	GlobalSection(ProjectConfigurationPlatforms) = postSolution
		{1B945B8E-C8F0-439D-AF3D-E0B47B79BF37}.Debug|Any CPU.ActiveCfg = Debug|Any CPU
		{1B945B8E-C8F0-439D-AF3D-E0B47B79BF37}.Debug|Any CPU.Build.0 = Debug|Any CPU
		{1B945B8E-C8F0-439D-AF3D-E0B47B79BF37}.Release|Any CPU.ActiveCfg = Release|Any CPU
		{1B945B8E-C8F0-439D-AF3D-E0B47B79BF37}.Release|Any CPU.Build.0 = Release|Any CPU
	EndGlobalSection
	GlobalSection(SolutionProperties) = preSolution
		HideSolutionNode = FALSE
	EndGlobalSection
	GlobalSection(ExtensibilityGlobals) = postSolution
		SolutionGuid = {C53435BF-2C15-469C-AD7D-D590DD0305E5}
	EndGlobalSection
EndGlobal
